{
  "name": "gamebot",
  "version": "0.0.0",
  "lockfileVersion": 2,
  "requires": true,
  "packages": {
    "": {
      "version": "0.0.0",
      "license": "ISC",
      "dependencies": {
        "lib-fchat": "^1.3.3"
      }
    },
    "node_modules/lib-fchat": {
      "version": "1.3.3",
      "resolved": "https://registry.npmjs.org/lib-fchat/-/lib-fchat-1.3.3.tgz",
      "integrity": "sha512-uTCr3LjstSXfW060BMb5RPf0Y7Lkphlj+Sma3ymsmB20nfO4tTdKH0VoGZtxRo36VXd6dDV3nkHloiypWhuZaw==",
      "dependencies": {
        "node-fetch": "^2.6.0",
        "ws": "^7.0.0"
      }
    },
    "node_modules/node-fetch": {
      "version": "2.6.1",
      "resolved": "https://registry.npmjs.org/node-fetch/-/node-fetch-2.6.1.tgz",
      "integrity": "sha512-V4aYg89jEoVRxRb2fJdAg8FHvI7cEyYdVAh94HH0UIK8oJxUfkjlDQN9RbMx+bEjP7+ggMiFRprSti032Oipxw==",
      "engines": {
        "node": "4.x || >=6.0.0"
      }
    },
    "node_modules/ws": {
      "version": "7.5.3",
      "resolved": "https://registry.npmjs.org/ws/-/ws-7.5.3.tgz",
      "integrity": "sha512-kQ/dHIzuLrS6Je9+uv81ueZomEwH0qVYstcAQ4/Z93K8zeko9gtAbttJWzoC5ukqXY1PpoouV3+VSOqEAFt5wg==",
      "engines": {
        "node": ">=8.3.0"
      },
      "peerDependencies": {
        "bufferutil": "^4.0.1",
        "utf-8-validate": "^5.0.2"
      },
      "peerDependenciesMeta": {
        "bufferutil": {
          "optional": true
        },
        "utf-8-validate": {
          "optional": true
        }
      }
    }
  },
  "dependencies": {
    "lib-fchat": {
      "version": "1.3.3",
      "resolved": "https://registry.npmjs.org/lib-fchat/-/lib-fchat-1.3.3.tgz",
      "integrity": "sha512-uTCr3LjstSXfW060BMb5RPf0Y7Lkphlj+Sma3ymsmB20nfO4tTdKH0VoGZtxRo36VXd6dDV3nkHloiypWhuZaw==",
      "requires": {
        "node-fetch": "^2.6.0",
        "ws": "^7.0.0"
      }
    },
    "node-fetch": {
      "version": "2.6.1",
      "resolved": "https://registry.npmjs.org/node-fetch/-/node-fetch-2.6.1.tgz",
      "integrity": "sha512-V4aYg89jEoVRxRb2fJdAg8FHvI7cEyYdVAh94HH0UIK8oJxUfkjlDQN9RbMx+bEjP7+ggMiFRprSti032Oipxw=="
    },
    "ws": {
      "version": "7.5.3",
      "resolved": "https://registry.npmjs.org/ws/-/ws-7.5.3.tgz",
      "integrity": "sha512-kQ/dHIzuLrS6Je9+uv81ueZomEwH0qVYstcAQ4/Z93K8zeko9gtAbttJWzoC5ukqXY1PpoouV3+VSOqEAFt5wg==",
      "requires": {}
    }
  }
}
